
Microsoft Visual Studio Solution File, Format Version 12.00
# Visual Studio Version 17
VisualStudioVersion = 17.5.33502.453
MinimumVisualStudioVersion = 10.0.40219.1
Project("{FAE04EC0-301F-11D3-BF4B-00C04F79EFBC}") = "feedback", "feedback\feedback.csproj", "{AB9D16E8-04CD-4CF1-9DFE-FBABC23B3A69}"
EndProject
Global
	GlobalSection(SolutionConfigurationPlatforms) = preSolution
		Debug|Any CPU = Debug|Any CPU
		Release|Any CPU = Release|Any CPU
	EndGlobalSection
	GlobalSection(ProjectConfigurationPlatforms) = postSolution
		{AB9D16E8-04CD-4CF1-9DFE-FBABC23B3A69}.Debug|Any CPU.ActiveCfg = Debug|Any CPU
		{AB9D16E8-04CD-4CF1-9DFE-FBABC23B3A69}.Debug|Any CPU.Build.0 = Debug|Any CPU
		{AB9D16E8-04CD-4CF1-9DFE-FBABC23B3A69}.Release|Any CPU.ActiveCfg = Release|Any CPU
		{AB9D16E8-04CD-4CF1-9DFE-FBABC23B3A69}.Release|Any CPU.Build.0 = Release|Any CPU
	EndGlobalSection
	GlobalSection(SolutionProperties) = preSolution
		HideSolutionNode = FALSE
	EndGlobalSection
	GlobalSection(ExtensibilityGlobals) = postSolution
		SolutionGuid = {E83A3C0F-467E-429B-AA33-BB30D0295469}
	EndGlobalSection
EndGlobal
